
Microsoft Visual Studio Solution File, Format Version 12.00
# Visual Studio Version 17
VisualStudioVersion = 17.14.36109.1
MinimumVisualStudioVersion = 10.0.40219.1
Project("{FAE04EC0-301F-11D3-BF4B-00C04F79EFBC}") = "JortPob", "JortPob\JortPob.csproj", "{DDE52499-9E38-4B69-8699-EB017AB55551}"
EndProject
Project("{FAE04EC0-301F-11D3-BF4B-00C04F79EFBC}") = "JortUX", "JortUX\JortUX.csproj", "{807E75F9-9521-49CF-8CA4-F55637CCD69C}"
EndProject
Project("{FAE04EC0-301F-11D3-BF4B-00C04F79EFBC}") = "Runner", "Runner\Runner.csproj", "{906696BF-DE5B-45A9-BB90-A11458A406C5}"
EndProject
Global
	GlobalSection(SolutionConfigurationPlatforms) = preSolution
		Debug|Any CPU = Debug|Any CPU
		Release|Any CPU = Release|Any CPU
	EndGlobalSection
	GlobalSection(ProjectConfigurationPlatforms) = postSolution
		{DDE52499-9E38-4B69-8699-EB017AB55551}.Debug|Any CPU.ActiveCfg = Debug|Any CPU
		{DDE52499-9E38-4B69-8699-EB017AB55551}.Debug|Any CPU.Build.0 = Debug|Any CPU
		{DDE52499-9E38-4B69-8699-EB017AB55551}.Release|Any CPU.ActiveCfg = Release|Any CPU
		{DDE52499-9E38-4B69-8699-EB017AB55551}.Release|Any CPU.Build.0 = Release|Any CPU
		{807E75F9-9521-49CF-8CA4-F55637CCD69C}.Debug|Any CPU.ActiveCfg = Debug|Any CPU
		{807E75F9-9521-49CF-8CA4-F55637CCD69C}.Debug|Any CPU.Build.0 = Debug|Any CPU
		{807E75F9-9521-49CF-8CA4-F55637CCD69C}.Release|Any CPU.ActiveCfg = Release|Any CPU
		{807E75F9-9521-49CF-8CA4-F55637CCD69C}.Release|Any CPU.Build.0 = Release|Any CPU
		{906696BF-DE5B-45A9-BB90-A11458A406C5}.Debug|Any CPU.ActiveCfg = Debug|Any CPU
		{906696BF-DE5B-45A9-BB90-A11458A406C5}.Debug|Any CPU.Build.0 = Debug|Any CPU
		{906696BF-DE5B-45A9-BB90-A11458A406C5}.Release|Any CPU.ActiveCfg = Release|Any CPU
		{906696BF-DE5B-45A9-BB90-A11458A406C5}.Release|Any CPU.Build.0 = Release|Any CPU
	EndGlobalSection
	GlobalSection(SolutionProperties) = preSolution
		HideSolutionNode = FALSE
	EndGlobalSection
	GlobalSection(ExtensibilityGlobals) = postSolution
		SolutionGuid = {CC7CDD74-1AE1-484E-A2AA-3815737CB342}
	EndGlobalSection
EndGlobal
